
Microsoft Visual Studio Solution File, Format Version 12.00
# Visual Studio Version 16
VisualStudioVersion = 16.0.30523.141
MinimumVisualStudioVersion = 10.0.40219.1
Project("{9A19103F-16F7-4668-BE54-9A1E7A4F7556}") = "Vecc.Prometheus", "src\Vecc.Prometheus\Vecc.Prometheus.csproj", "{6A5D3F04-B1B9-47E4-B16A-EA67C488161D}"
EndProject
Project("{FAE04EC0-301F-11D3-BF4B-00C04F79EFBC}") = "Vecc.Prometheus.Example", "src\Vecc.Prometheus.Example\Vecc.Prometheus.Example.csproj", "{A5DECC96-DECF-491D-AD90-A9F60129650F}"
EndProject
Project("{FAE04EC0-301F-11D3-BF4B-00C04F79EFBC}") = "Vecc.Prometheus.UnitTests", "test\Vecc.Prometheus.UnitTests\Vecc.Prometheus.UnitTests.csproj", "{DD35E638-64C6-4648-A605-2B9A4BA9AA1B}"
EndProject
Global
	GlobalSection(SolutionConfigurationPlatforms) = preSolution
		Debug|Any CPU = Debug|Any CPU
		Release|Any CPU = Release|Any CPU
	EndGlobalSection
	GlobalSection(ProjectConfigurationPlatforms) = postSolution
		{6A5D3F04-B1B9-47E4-B16A-EA67C488161D}.Debug|Any CPU.ActiveCfg = Debug|Any CPU
		{6A5D3F04-B1B9-47E4-B16A-EA67C488161D}.Debug|Any CPU.Build.0 = Debug|Any CPU
		{6A5D3F04-B1B9-47E4-B16A-EA67C488161D}.Release|Any CPU.ActiveCfg = Release|Any CPU
		{6A5D3F04-B1B9-47E4-B16A-EA67C488161D}.Release|Any CPU.Build.0 = Release|Any CPU
		{A5DECC96-DECF-491D-AD90-A9F60129650F}.Debug|Any CPU.ActiveCfg = Debug|Any CPU
		{A5DECC96-DECF-491D-AD90-A9F60129650F}.Debug|Any CPU.Build.0 = Debug|Any CPU
		{A5DECC96-DECF-491D-AD90-A9F60129650F}.Release|Any CPU.ActiveCfg = Release|Any CPU
		{A5DECC96-DECF-491D-AD90-A9F60129650F}.Release|Any CPU.Build.0 = Release|Any CPU
		{DD35E638-64C6-4648-A605-2B9A4BA9AA1B}.Debug|Any CPU.ActiveCfg = Debug|Any CPU
		{DD35E638-64C6-4648-A605-2B9A4BA9AA1B}.Debug|Any CPU.Build.0 = Debug|Any CPU
		{DD35E638-64C6-4648-A605-2B9A4BA9AA1B}.Release|Any CPU.ActiveCfg = Release|Any CPU
		{DD35E638-64C6-4648-A605-2B9A4BA9AA1B}.Release|Any CPU.Build.0 = Release|Any CPU
	EndGlobalSection
	GlobalSection(SolutionProperties) = preSolution
		HideSolutionNode = FALSE
	EndGlobalSection
	GlobalSection(ExtensibilityGlobals) = postSolution
		SolutionGuid = {6266EA65-8289-4535-8682-F457D2B9BDA0}
	EndGlobalSection
EndGlobal
